
Microsoft Visual Studio Solution File, Format Version 12.00
# Visual Studio Version 17
VisualStudioVersion = 17.9.34622.214
MinimumVisualStudioVersion = 10.0.40219.1
Project("{FAE04EC0-301F-11D3-BF4B-00C04F79EFBC}") = "Laba1_client", "Laba1_client\Laba1_client.csproj", "{C206BB75-B1C7-403B-9830-80CD11E47DD7}"
EndProject
Global
	GlobalSection(SolutionConfigurationPlatforms) = preSolution
		Debug|Any CPU = Debug|Any CPU
		Release|Any CPU = Release|Any CPU
	EndGlobalSection
	GlobalSection(ProjectConfigurationPlatforms) = postSolution
		{C206BB75-B1C7-403B-9830-80CD11E47DD7}.Debug|Any CPU.ActiveCfg = Debug|Any CPU
		{C206BB75-B1C7-403B-9830-80CD11E47DD7}.Debug|Any CPU.Build.0 = Debug|Any CPU
		{C206BB75-B1C7-403B-9830-80CD11E47DD7}.Release|Any CPU.ActiveCfg = Release|Any CPU
		{C206BB75-B1C7-403B-9830-80CD11E47DD7}.Release|Any CPU.Build.0 = Release|Any CPU
	EndGlobalSection
	GlobalSection(SolutionProperties) = preSolution
		HideSolutionNode = FALSE
	EndGlobalSection
	GlobalSection(ExtensibilityGlobals) = postSolution
		SolutionGuid = {5D7549B3-4A0B-41D7-9716-F3260B289025}
	EndGlobalSection
EndGlobal
